// !$*UTF8*$!
{
	archiveVersion = 1;
	classes = {
	};
	objectVersion = 39;
	objects = {
		014CEA4F0018CE4811CA2923 = {
			buildSettings = {
				COPY_PHASE_STRIP = NO;
				GCC_DYNAMIC_NO_PIC = NO;
				GCC_ENABLE_FIX_AND_CONTINUE = YES;
				GCC_GENERATE_DEBUGGING_SYMBOLS = YES;
				GCC_OPTIMIZATION_LEVEL = 0;
				OPTIMIZATION_CFLAGS = "-O0";
				ZERO_LINK = YES;
			};
			isa = PBXBuildStyle;
			name = Development;
		};
		014CEA500018CE4811CA2923 = {
			buildSettings = {
				COPY_PHASE_STRIP = YES;
				GCC_ENABLE_FIX_AND_CONTINUE = NO;
				ZERO_LINK = NO;
			};
			isa = PBXBuildStyle;
			name = Deployment;
		};
//010
//011
//012
//013
//014
//030
//031
//032
//033
//034
		034768E6FF38A76511DB9C8B = {
			explicitFileType = "compiled.mach-o.executable";
			isa = PBXFileReference;
			path = NDAliasesURLProject;
			refType = 3;
			sourceTree = BUILT_PRODUCTS_DIR;
		};
//030
//031
//032
//033
//034
//080
//081
//082
//083
//084
		08FB7793FE84155DC02AAC07 = {
			buildSettings = {
			};
			buildStyles = (
				014CEA4F0018CE4811CA2923,
				014CEA500018CE4811CA2923,
			);
			hasScannedForEncodings = 1;
			isa = PBXProject;
			mainGroup = 08FB7794FE84155DC02AAC07;
			projectDirPath = "";
			targets = (
				08FB779FFE84155DC02AAC07,
			);
		};
		08FB7794FE84155DC02AAC07 = {
			children = (
				F581985F03D7AC41017F59BF,
				D8B5B1B9044F0616002ECDBC,
				08FB7795FE84155DC02AAC07,
				F5F4C30A021257FE012EA7CD,
				F553250D039B8E1901C32352,
				08FB779DFE84155DC02AAC07,
				1AB674ADFE9D54B511CA2CBB,
			);
			isa = PBXGroup;
			name = NDAliasesURLProject;
			refType = 4;
			sourceTree = "<group>";
		};
		08FB7795FE84155DC02AAC07 = {
			children = (
				08FB7796FE84155DC02AAC07,
			);
			isa = PBXGroup;
			name = Source;
			refType = 4;
			sourceTree = "<group>";
		};
		08FB7796FE84155DC02AAC07 = {
			fileEncoding = 4;
			isa = PBXFileReference;
			lastKnownFileType = sourcecode.c.objc;
			path = main.m;
			refType = 4;
			sourceTree = "<group>";
		};
		08FB779DFE84155DC02AAC07 = {
			children = (
				F57B50C7036D23150120B2EF,
				F57B50C8036D23150120B2EF,
			);
			isa = PBXGroup;
			name = "External Frameworks and Libraries";
			refType = 4;
			sourceTree = "<group>";
		};
		08FB779FFE84155DC02AAC07 = {
			buildPhases = (
				08FB77A0FE84155DC02AAC07,
				08FB77A1FE84155DC02AAC07,
				08FB77A3FE84155DC02AAC07,
				08FB77A5FE84155DC02AAC07,
			);
			buildSettings = {
				FRAMEWORK_SEARCH_PATHS = "";
				HEADER_SEARCH_PATHS = "";
				INSTALL_PATH = "$(HOME)/bin";
				LIBRARY_SEARCH_PATHS = "";
				OTHER_CFLAGS = "";
				OTHER_LDFLAGS = "";
				OTHER_REZFLAGS = "";
				PRODUCT_NAME = NDAliasesURLProject;
				REZ_EXECUTABLE = YES;
				SECTORDER_FLAGS = "";
				WARNING_CFLAGS = "-Wmost -Wno-four-char-constants -Wno-unknown-pragmas";
			};
			dependencies = (
			);
			isa = PBXToolTarget;
			name = NDAliasesURLProject;
			productInstallPath = "$(HOME)/bin";
			productName = NDAliasesURLProject;
			productReference = 034768E6FF38A76511DB9C8B;
		};
		08FB77A0FE84155DC02AAC07 = {
			buildActionMask = 2147483647;
			files = (
				F5F4C346021259DF012EA7CD,
				F5523BBC039C4288014779E5,
				D827C765057753A20079FE16,
				D827C769057753A20079FE16,
				D827C76C057753A20079FE16,
				D85FA543064E1B47007E27E5,
			);
			isa = PBXHeadersBuildPhase;
			runOnlyForDeploymentPostprocessing = 0;
		};
		08FB77A1FE84155DC02AAC07 = {
			buildActionMask = 2147483647;
			files = (
				08FB77A2FE84155DC02AAC07,
				F5F4C347021259DF012EA7CD,
				F5523BBD039C4288014779E5,
				D827C766057753A20079FE16,
				D827C767057753A20079FE16,
				D827C768057753A20079FE16,
				D85FA542064E1B47007E27E5,
			);
			isa = PBXSourcesBuildPhase;
			runOnlyForDeploymentPostprocessing = 0;
		};
		08FB77A2FE84155DC02AAC07 = {
			fileRef = 08FB7796FE84155DC02AAC07;
			isa = PBXBuildFile;
			settings = {
				ATTRIBUTES = (
				);
			};
		};
		08FB77A3FE84155DC02AAC07 = {
			buildActionMask = 2147483647;
			files = (
				F57B516C036D23160120B2EF,
				F57B516D036D23160120B2EF,
			);
			isa = PBXFrameworksBuildPhase;
			runOnlyForDeploymentPostprocessing = 0;
		};
		08FB77A5FE84155DC02AAC07 = {
			buildActionMask = 2147483647;
			files = (
			);
			isa = PBXRezBuildPhase;
			runOnlyForDeploymentPostprocessing = 0;
		};
//080
//081
//082
//083
//084
//1A0
//1A1
//1A2
//1A3
//1A4
		1AB674ADFE9D54B511CA2CBB = {
			children = (
				034768E6FF38A76511DB9C8B,
			);
			isa = PBXGroup;
			name = Products;
			refType = 4;
			sourceTree = "<group>";
		};
//1A0
//1A1
//1A2
//1A3
//1A4
//D80
//D81
//D82
//D83
//D84
		D827C75D057753A20079FE16 = {
			fileEncoding = 4;
			isa = PBXFileReference;
			lastKnownFileType = sourcecode.c.h;
			name = "NDResourceFork+OtherSorces.h";
			path = "/Users/nathan/Developer/Project Independent Classes/Foundation Kit/NDResourceFork+OtherSorces.h";
			refType = 0;
			sourceTree = "<absolute>";
		};
		D827C75E057753A20079FE16 = {
			fileEncoding = 4;
			isa = PBXFileReference;
			lastKnownFileType = sourcecode.c.objc;
			name = "NSURL+NDCarbonUtilities.m";
			path = "/Users/nathan/Developer/Project Independent Classes/Foundation Kit/NSURL+NDCarbonUtilities.m";
			refType = 0;
			sourceTree = "<absolute>";
		};
		D827C75F057753A20079FE16 = {
			fileEncoding = 4;
			isa = PBXFileReference;
			lastKnownFileType = sourcecode.c.objc;
			name = "NDResourceFork+OtherSorces.m";
			path = "/Users/nathan/Developer/Project Independent Classes/Foundation Kit/NDResourceFork+OtherSorces.m";
			refType = 0;
			sourceTree = "<absolute>";
		};
		D827C760057753A20079FE16 = {
			fileEncoding = 4;
			isa = PBXFileReference;
			lastKnownFileType = sourcecode.c.objc;
			name = NDResourceFork.m;
			path = "/Users/nathan/Developer/Project Independent Classes/Foundation Kit/NDResourceFork.m";
			refType = 0;
			sourceTree = "<absolute>";
		};
		D827C761057753A20079FE16 = {
			fileEncoding = 4;
			isa = PBXFileReference;
			lastKnownFileType = sourcecode.c.h;
			name = NDResourceFork.h;
			path = "/Users/nathan/Developer/Project Independent Classes/Foundation Kit/NDResourceFork.h";
			refType = 0;
			sourceTree = "<absolute>";
		};
		D827C764057753A20079FE16 = {
			fileEncoding = 4;
			isa = PBXFileReference;
			lastKnownFileType = sourcecode.c.h;
			name = "NSURL+NDCarbonUtilities.h";
			path = "/Users/nathan/Developer/Project Independent Classes/Foundation Kit/NSURL+NDCarbonUtilities.h";
			refType = 0;
			sourceTree = "<absolute>";
		};
		D827C765057753A20079FE16 = {
			fileRef = D827C75D057753A20079FE16;
			isa = PBXBuildFile;
			settings = {
			};
		};
		D827C766057753A20079FE16 = {
			fileRef = D827C75E057753A20079FE16;
			isa = PBXBuildFile;
			settings = {
			};
		};
		D827C767057753A20079FE16 = {
			fileRef = D827C75F057753A20079FE16;
			isa = PBXBuildFile;
			settings = {
			};
		};
		D827C768057753A20079FE16 = {
			fileRef = D827C760057753A20079FE16;
			isa = PBXBuildFile;
			settings = {
			};
		};
		D827C769057753A20079FE16 = {
			fileRef = D827C761057753A20079FE16;
			isa = PBXBuildFile;
			settings = {
			};
		};
		D827C76C057753A20079FE16 = {
			fileRef = D827C764057753A20079FE16;
			isa = PBXBuildFile;
			settings = {
			};
		};
		D85FA540064E1B47007E27E5 = {
			fileEncoding = 4;
			isa = PBXFileReference;
			lastKnownFileType = sourcecode.c.objc;
			name = "NSString+NDCarbonUtilities.m";
			path = "/Users/nathan/Developer/Project Independent Classes/Foundation Kit/NSString+NDCarbonUtilities.m";
			refType = 0;
			sourceTree = "<absolute>";
		};
		D85FA541064E1B47007E27E5 = {
			fileEncoding = 4;
			isa = PBXFileReference;
			lastKnownFileType = sourcecode.c.h;
			name = "NSString+NDCarbonUtilities.h";
			path = "/Users/nathan/Developer/Project Independent Classes/Foundation Kit/NSString+NDCarbonUtilities.h";
			refType = 0;
			sourceTree = "<absolute>";
		};
		D85FA542064E1B47007E27E5 = {
			fileRef = D85FA540064E1B47007E27E5;
			isa = PBXBuildFile;
			settings = {
			};
		};
		D85FA543064E1B47007E27E5 = {
			fileRef = D85FA541064E1B47007E27E5;
			isa = PBXBuildFile;
			settings = {
			};
		};
		D8B5B1B9044F0616002ECDBC = {
			fileEncoding = 4;
			isa = PBXFileReference;
			lastKnownFileType = text.html.documentation;
			name = masterTOC.html;
			path = Documentation/masterTOC.html;
			refType = 4;
			sourceTree = "<group>";
		};
//D80
//D81
//D82
//D83
//D84
//F50
//F51
//F52
//F53
//F54
		F5523BBA039C4288014779E5 = {
			fileEncoding = 4;
			isa = PBXFileReference;
			lastKnownFileType = sourcecode.c.h;
			name = "NDAlias+AliasFile.h";
			path = "/Users/nathan/Developer/Project Independent Classes/Foundation Kit/NDAlias+AliasFile.h";
			refType = 0;
			sourceTree = "<absolute>";
		};
		F5523BBB039C4288014779E5 = {
			fileEncoding = 4;
			isa = PBXFileReference;
			lastKnownFileType = sourcecode.c.objc;
			name = "NDAlias+AliasFile.m";
			path = "/Users/nathan/Developer/Project Independent Classes/Foundation Kit/NDAlias+AliasFile.m";
			refType = 0;
			sourceTree = "<absolute>";
		};
		F5523BBC039C4288014779E5 = {
			fileRef = F5523BBA039C4288014779E5;
			isa = PBXBuildFile;
			settings = {
			};
		};
		F5523BBD039C4288014779E5 = {
			fileRef = F5523BBB039C4288014779E5;
			isa = PBXBuildFile;
			settings = {
			};
		};
		F553250D039B8E1901C32352 = {
			children = (
			);
			isa = PBXGroup;
			name = "Other Classes";
			refType = 4;
			sourceTree = "<group>";
		};
		F57B50C7036D23150120B2EF = {
			isa = PBXFileReference;
			lastKnownFileType = wrapper.framework;
			name = Carbon.framework;
			path = /System/Library/Frameworks/Carbon.framework;
			refType = 0;
			sourceTree = "<absolute>";
		};
		F57B50C8036D23150120B2EF = {
			isa = PBXFileReference;
			lastKnownFileType = wrapper.framework;
			name = Cocoa.framework;
			path = /System/Library/Frameworks/Cocoa.framework;
			refType = 0;
			sourceTree = "<absolute>";
		};
		F57B516C036D23160120B2EF = {
			fileRef = F57B50C7036D23150120B2EF;
			isa = PBXBuildFile;
			settings = {
			};
		};
		F57B516D036D23160120B2EF = {
			fileRef = F57B50C8036D23150120B2EF;
			isa = PBXBuildFile;
			settings = {
			};
		};
		F581985F03D7AC41017F59BF = {
			isa = PBXFileReference;
			lastKnownFileType = text.rtf;
			path = "Notes about the AliasFile category.rtf";
			refType = 4;
			sourceTree = "<group>";
		};
		F5F4C30A021257FE012EA7CD = {
			children = (
				F5F4C344021259DF012EA7CD,
				F5F4C345021259DF012EA7CD,
				F5523BBA039C4288014779E5,
				F5523BBB039C4288014779E5,
				D827C761057753A20079FE16,
				D827C760057753A20079FE16,
				D827C75D057753A20079FE16,
				D827C75F057753A20079FE16,
				D85FA540064E1B47007E27E5,
				D85FA541064E1B47007E27E5,
				D827C764057753A20079FE16,
				D827C75E057753A20079FE16,
			);
			isa = PBXGroup;
			path = Classes;
			refType = 4;
			sourceTree = "<group>";
		};
		F5F4C344021259DF012EA7CD = {
			fileEncoding = 4;
			isa = PBXFileReference;
			lastKnownFileType = sourcecode.c.h;
			name = NDAlias.h;
			path = "/Users/nathan/Developer/Project Independent Classes/Foundation Kit/NDAlias.h";
			refType = 0;
			sourceTree = "<absolute>";
		};
		F5F4C345021259DF012EA7CD = {
			fileEncoding = 4;
			isa = PBXFileReference;
			lastKnownFileType = sourcecode.c.objc;
			name = NDAlias.m;
			path = "/Users/nathan/Developer/Project Independent Classes/Foundation Kit/NDAlias.m";
			refType = 0;
			sourceTree = "<absolute>";
		};
		F5F4C346021259DF012EA7CD = {
			fileRef = F5F4C344021259DF012EA7CD;
			isa = PBXBuildFile;
			settings = {
			};
		};
		F5F4C347021259DF012EA7CD = {
			fileRef = F5F4C345021259DF012EA7CD;
			isa = PBXBuildFile;
			settings = {
			};
		};
	};
	rootObject = 08FB7793FE84155DC02AAC07;
}
