// !$*UTF8*$!
{
	archiveVersion = 1;
	classes = {
	};
	objectVersion = 42;
	objects = {

/* Begin PBXBuildFile section */
		1451D4231052CFD400AEDF28 /* NDAlias.h in Headers */ = {isa = PBXBuildFile; fileRef = F5F4C344021259DF012EA7CD /* NDAlias.h */; };
		1451D4241052CFD400AEDF28 /* NDAlias+AliasFile.h in Headers */ = {isa = PBXBuildFile; fileRef = F5523BBA039C4288014779E5 /* NDAlias+AliasFile.h */; };
		1451D4251052CFD400AEDF28 /* NDResourceFork+OtherSorces.h in Headers */ = {isa = PBXBuildFile; fileRef = D827C75D057753A20079FE16 /* NDResourceFork+OtherSorces.h */; };
		1451D4261052CFD400AEDF28 /* NDResourceFork.h in Headers */ = {isa = PBXBuildFile; fileRef = D827C761057753A20079FE16 /* NDResourceFork.h */; };
		1451D4271052CFD400AEDF28 /* NSURL+NDCarbonUtilities.h in Headers */ = {isa = PBXBuildFile; fileRef = D827C764057753A20079FE16 /* NSURL+NDCarbonUtilities.h */; };
		1451D4281052CFD400AEDF28 /* NSString+NDCarbonUtilities.h in Headers */ = {isa = PBXBuildFile; fileRef = D85FA541064E1B47007E27E5 /* NSString+NDCarbonUtilities.h */; };
		1451D4291052CFD400AEDF28 /* NSPathControl+NDAlias.h in Headers */ = {isa = PBXBuildFile; fileRef = D8456F2C0CD34692007C2879 /* NSPathControl+NDAlias.h */; };
		1451D42A1052CFD400AEDF28 /* NSOpenPanel+NDAlias.h in Headers */ = {isa = PBXBuildFile; fileRef = D8456F2D0CD34692007C2879 /* NSOpenPanel+NDAlias.h */; };
		1451D42B1052CFD400AEDF28 /* NDSDKCompatibility.h in Headers */ = {isa = PBXBuildFile; fileRef = D85465170DC1A01D000A9B73 /* NDSDKCompatibility.h */; };
		1451D42D1052CFD400AEDF28 /* main.m in Sources */ = {isa = PBXBuildFile; fileRef = 08FB7796FE84155DC02AAC07 /* main.m */; settings = {ATTRIBUTES = (); }; };
		1451D42E1052CFD400AEDF28 /* NDAlias.m in Sources */ = {isa = PBXBuildFile; fileRef = F5F4C345021259DF012EA7CD /* NDAlias.m */; };
		1451D42F1052CFD400AEDF28 /* NDAlias+AliasFile.m in Sources */ = {isa = PBXBuildFile; fileRef = F5523BBB039C4288014779E5 /* NDAlias+AliasFile.m */; };
		1451D4301052CFD400AEDF28 /* NSURL+NDCarbonUtilities.m in Sources */ = {isa = PBXBuildFile; fileRef = D827C75E057753A20079FE16 /* NSURL+NDCarbonUtilities.m */; };
		1451D4311052CFD400AEDF28 /* NDResourceFork+OtherSorces.m in Sources */ = {isa = PBXBuildFile; fileRef = D827C75F057753A20079FE16 /* NDResourceFork+OtherSorces.m */; };
		1451D4321052CFD400AEDF28 /* NDResourceFork.m in Sources */ = {isa = PBXBuildFile; fileRef = D827C760057753A20079FE16 /* NDResourceFork.m */; };
		1451D4331052CFD400AEDF28 /* NSString+NDCarbonUtilities.m in Sources */ = {isa = PBXBuildFile; fileRef = D85FA540064E1B47007E27E5 /* NSString+NDCarbonUtilities.m */; };
		1451D4341052CFD400AEDF28 /* NSPathControl+NDAlias.m in Sources */ = {isa = PBXBuildFile; fileRef = D8456F2B0CD34692007C2879 /* NSPathControl+NDAlias.m */; };
		1451D4351052CFD400AEDF28 /* NSOpenPanel+NDAlias.m in Sources */ = {isa = PBXBuildFile; fileRef = D8456F2E0CD34692007C2879 /* NSOpenPanel+NDAlias.m */; };
		1451D4381052CFD400AEDF28 /* Cocoa.framework in Frameworks */ = {isa = PBXBuildFile; fileRef = F57B50C8036D23150120B2EF /* Cocoa.framework */; };
		1451D4651052D15900AEDF28 /* CoreServices.framework in Frameworks */ = {isa = PBXBuildFile; fileRef = 1451D4641052D15900AEDF28 /* CoreServices.framework */; };
		1451D48A1052D36800AEDF28 /* NSSavePanel+NDAlias.h in Headers */ = {isa = PBXBuildFile; fileRef = 1451D4881052D36800AEDF28 /* NSSavePanel+NDAlias.h */; };
		1451D48B1052D36800AEDF28 /* NSSavePanel+NDAlias.m in Sources */ = {isa = PBXBuildFile; fileRef = 1451D4891052D36800AEDF28 /* NSSavePanel+NDAlias.m */; };
/* End PBXBuildFile section */

/* Begin PBXFileReference section */
		08FB7796FE84155DC02AAC07 /* main.m */ = {isa = PBXFileReference; fileEncoding = 4; lastKnownFileType = sourcecode.c.objc; path = main.m; sourceTree = "<group>"; };
		1451D43E1052CFD400AEDF28 /* NDAliasesURLProject */ = {isa = PBXFileReference; explicitFileType = "compiled.mach-o.executable"; includeInIndex = 0; path = NDAliasesURLProject; sourceTree = BUILT_PRODUCTS_DIR; };
		1451D4641052D15900AEDF28 /* CoreServices.framework */ = {isa = PBXFileReference; lastKnownFileType = wrapper.framework; name = CoreServices.framework; path = /System/Library/Frameworks/CoreServices.framework; sourceTree = "<absolute>"; };
		1451D4881052D36800AEDF28 /* NSSavePanel+NDAlias.h */ = {isa = PBXFileReference; fileEncoding = 4; lastKnownFileType = sourcecode.c.h; path = "NSSavePanel+NDAlias.h"; sourceTree = "<group>"; };
		1451D4891052D36800AEDF28 /* NSSavePanel+NDAlias.m */ = {isa = PBXFileReference; fileEncoding = 4; lastKnownFileType = sourcecode.c.objc; path = "NSSavePanel+NDAlias.m"; sourceTree = "<group>"; };
		D827C75D057753A20079FE16 /* NDResourceFork+OtherSorces.h */ = {isa = PBXFileReference; fileEncoding = 4; lastKnownFileType = sourcecode.c.h; path = "NDResourceFork+OtherSorces.h"; sourceTree = "<group>"; };
		D827C75E057753A20079FE16 /* NSURL+NDCarbonUtilities.m */ = {isa = PBXFileReference; fileEncoding = 4; lastKnownFileType = sourcecode.c.objc; path = "NSURL+NDCarbonUtilities.m"; sourceTree = "<group>"; };
		D827C75F057753A20079FE16 /* NDResourceFork+OtherSorces.m */ = {isa = PBXFileReference; fileEncoding = 4; lastKnownFileType = sourcecode.c.objc; path = "NDResourceFork+OtherSorces.m"; sourceTree = "<group>"; };
		D827C760057753A20079FE16 /* NDResourceFork.m */ = {isa = PBXFileReference; fileEncoding = 4; lastKnownFileType = sourcecode.c.objc; path = NDResourceFork.m; sourceTree = "<group>"; };
		D827C761057753A20079FE16 /* NDResourceFork.h */ = {isa = PBXFileReference; fileEncoding = 4; lastKnownFileType = sourcecode.c.h; path = NDResourceFork.h; sourceTree = "<group>"; };
		D827C764057753A20079FE16 /* NSURL+NDCarbonUtilities.h */ = {isa = PBXFileReference; fileEncoding = 4; lastKnownFileType = sourcecode.c.h; path = "NSURL+NDCarbonUtilities.h"; sourceTree = "<group>"; };
		D8456F2B0CD34692007C2879 /* NSPathControl+NDAlias.m */ = {isa = PBXFileReference; fileEncoding = 4; lastKnownFileType = sourcecode.c.objc; path = "NSPathControl+NDAlias.m"; sourceTree = "<group>"; };
		D8456F2C0CD34692007C2879 /* NSPathControl+NDAlias.h */ = {isa = PBXFileReference; fileEncoding = 4; lastKnownFileType = sourcecode.c.h; path = "NSPathControl+NDAlias.h"; sourceTree = "<group>"; };
		D8456F2D0CD34692007C2879 /* NSOpenPanel+NDAlias.h */ = {isa = PBXFileReference; fileEncoding = 4; lastKnownFileType = sourcecode.c.h; path = "NSOpenPanel+NDAlias.h"; sourceTree = "<group>"; };
		D8456F2E0CD34692007C2879 /* NSOpenPanel+NDAlias.m */ = {isa = PBXFileReference; fileEncoding = 4; lastKnownFileType = sourcecode.c.objc; path = "NSOpenPanel+NDAlias.m"; sourceTree = "<group>"; };
		D85465170DC1A01D000A9B73 /* NDSDKCompatibility.h */ = {isa = PBXFileReference; fileEncoding = 4; lastKnownFileType = sourcecode.c.h; path = NDSDKCompatibility.h; sourceTree = "<group>"; };
		D85FA540064E1B47007E27E5 /* NSString+NDCarbonUtilities.m */ = {isa = PBXFileReference; fileEncoding = 4; lastKnownFileType = sourcecode.c.objc; path = "NSString+NDCarbonUtilities.m"; sourceTree = "<group>"; };
		D85FA541064E1B47007E27E5 /* NSString+NDCarbonUtilities.h */ = {isa = PBXFileReference; fileEncoding = 4; lastKnownFileType = sourcecode.c.h; path = "NSString+NDCarbonUtilities.h"; sourceTree = "<group>"; };
		F5523BBA039C4288014779E5 /* NDAlias+AliasFile.h */ = {isa = PBXFileReference; fileEncoding = 4; lastKnownFileType = sourcecode.c.h; path = "NDAlias+AliasFile.h"; sourceTree = "<group>"; };
		F5523BBB039C4288014779E5 /* NDAlias+AliasFile.m */ = {isa = PBXFileReference; fileEncoding = 4; lastKnownFileType = sourcecode.c.objc; path = "NDAlias+AliasFile.m"; sourceTree = "<group>"; };
		F57B50C8036D23150120B2EF /* Cocoa.framework */ = {isa = PBXFileReference; lastKnownFileType = wrapper.framework; name = Cocoa.framework; path = /System/Library/Frameworks/Cocoa.framework; sourceTree = "<absolute>"; };
		F581985F03D7AC41017F59BF /* Notes about the AliasFile category.rtf */ = {isa = PBXFileReference; lastKnownFileType = text.rtf; path = "Notes about the AliasFile category.rtf"; sourceTree = "<group>"; };
		F5F4C344021259DF012EA7CD /* NDAlias.h */ = {isa = PBXFileReference; fileEncoding = 4; lastKnownFileType = sourcecode.c.h; path = NDAlias.h; sourceTree = "<group>"; };
		F5F4C345021259DF012EA7CD /* NDAlias.m */ = {isa = PBXFileReference; fileEncoding = 4; lastKnownFileType = sourcecode.c.objc; path = NDAlias.m; sourceTree = "<group>"; };
/* End PBXFileReference section */

/* Begin PBXFrameworksBuildPhase section */
		1451D4361052CFD400AEDF28 /* Frameworks */ = {
			isa = PBXFrameworksBuildPhase;
			buildActionMask = 2147483647;
			files = (
				1451D4381052CFD400AEDF28 /* Cocoa.framework in Frameworks */,
				1451D4651052D15900AEDF28 /* CoreServices.framework in Frameworks */,
			);
			runOnlyForDeploymentPostprocessing = 0;
		};
/* End PBXFrameworksBuildPhase section */

/* Begin PBXGroup section */
		08FB7794FE84155DC02AAC07 /* NDAliasesURLProject */ = {
			isa = PBXGroup;
			children = (
				F581985F03D7AC41017F59BF /* Notes about the AliasFile category.rtf */,
				08FB7795FE84155DC02AAC07 /* Source */,
				F5F4C30A021257FE012EA7CD /* Classes */,
				F553250D039B8E1901C32352 /* Other Classes */,
				08FB779DFE84155DC02AAC07 /* External Frameworks and Libraries */,
				1AB674ADFE9D54B511CA2CBB /* Products */,
			);
			name = NDAliasesURLProject;
			sourceTree = "<group>";
		};
		08FB7795FE84155DC02AAC07 /* Source */ = {
			isa = PBXGroup;
			children = (
				08FB7796FE84155DC02AAC07 /* main.m */,
			);
			name = Source;
			sourceTree = "<group>";
		};
		08FB779DFE84155DC02AAC07 /* External Frameworks and Libraries */ = {
			isa = PBXGroup;
			children = (
				1451D4641052D15900AEDF28 /* CoreServices.framework */,
				F57B50C8036D23150120B2EF /* Cocoa.framework */,
			);
			name = "External Frameworks and Libraries";
			sourceTree = "<group>";
		};
		1AB674ADFE9D54B511CA2CBB /* Products */ = {
			isa = PBXGroup;
			children = (
				1451D43E1052CFD400AEDF28 /* NDAliasesURLProject */,
			);
			name = Products;
			sourceTree = "<group>";
		};
		F553250D039B8E1901C32352 /* Other Classes */ = {
			isa = PBXGroup;
			children = (
			);
			name = "Other Classes";
			sourceTree = "<group>";
		};
		F5F4C30A021257FE012EA7CD /* Classes */ = {
			isa = PBXGroup;
			children = (
				F5F4C344021259DF012EA7CD /* NDAlias.h */,
				F5F4C345021259DF012EA7CD /* NDAlias.m */,
				F5523BBA039C4288014779E5 /* NDAlias+AliasFile.h */,
				F5523BBB039C4288014779E5 /* NDAlias+AliasFile.m */,
				D827C761057753A20079FE16 /* NDResourceFork.h */,
				D827C760057753A20079FE16 /* NDResourceFork.m */,
				D827C75D057753A20079FE16 /* NDResourceFork+OtherSorces.h */,
				D827C75F057753A20079FE16 /* NDResourceFork+OtherSorces.m */,
				D85FA541064E1B47007E27E5 /* NSString+NDCarbonUtilities.h */,
				D85FA540064E1B47007E27E5 /* NSString+NDCarbonUtilities.m */,
				D827C764057753A20079FE16 /* NSURL+NDCarbonUtilities.h */,
				D827C75E057753A20079FE16 /* NSURL+NDCarbonUtilities.m */,
				D8456F2C0CD34692007C2879 /* NSPathControl+NDAlias.h */,
				D8456F2B0CD34692007C2879 /* NSPathControl+NDAlias.m */,
				D8456F2D0CD34692007C2879 /* NSOpenPanel+NDAlias.h */,
				D8456F2E0CD34692007C2879 /* NSOpenPanel+NDAlias.m */,
				1451D4881052D36800AEDF28 /* NSSavePanel+NDAlias.h */,
				1451D4891052D36800AEDF28 /* NSSavePanel+NDAlias.m */,
				D85465170DC1A01D000A9B73 /* NDSDKCompatibility.h */,
			);
			path = Classes;
			sourceTree = "<group>";
		};
/* End PBXGroup section */

/* Begin PBXHeadersBuildPhase section */
		1451D4221052CFD400AEDF28 /* Headers */ = {
			isa = PBXHeadersBuildPhase;
			buildActionMask = 2147483647;
			files = (
				1451D4231052CFD400AEDF28 /* NDAlias.h in Headers */,
				1451D4241052CFD400AEDF28 /* NDAlias+AliasFile.h in Headers */,
				1451D4251052CFD400AEDF28 /* NDResourceFork+OtherSorces.h in Headers */,
				1451D4261052CFD400AEDF28 /* NDResourceFork.h in Headers */,
				1451D4271052CFD400AEDF28 /* NSURL+NDCarbonUtilities.h in Headers */,
				1451D4281052CFD400AEDF28 /* NSString+NDCarbonUtilities.h in Headers */,
				1451D4291052CFD400AEDF28 /* NSPathControl+NDAlias.h in Headers */,
				1451D42A1052CFD400AEDF28 /* NSOpenPanel+NDAlias.h in Headers */,
				1451D42B1052CFD400AEDF28 /* NDSDKCompatibility.h in Headers */,
				1451D48A1052D36800AEDF28 /* NSSavePanel+NDAlias.h in Headers */,
			);
			runOnlyForDeploymentPostprocessing = 0;
		};
/* End PBXHeadersBuildPhase section */

/* Begin PBXNativeTarget section */
		1451D4211052CFD400AEDF28 /* NDAliasesURLProject */ = {
			isa = PBXNativeTarget;
			buildConfigurationList = 1451D43A1052CFD400AEDF28 /* Build configuration list for PBXNativeTarget "NDAliasesURLProject" */;
			buildPhases = (
				1451D4221052CFD400AEDF28 /* Headers */,
				1451D42C1052CFD400AEDF28 /* Sources */,
				1451D4361052CFD400AEDF28 /* Frameworks */,
				1451D4391052CFD400AEDF28 /* Rez */,
			);
			buildRules = (
			);
			dependencies = (
			);
			name = NDAliasesURLProject;
			productInstallPath = "$(HOME)/bin";
			productName = NDAliasesURLProject;
			productReference = 1451D43E1052CFD400AEDF28 /* NDAliasesURLProject */;
			productType = "com.apple.product-type.tool";
		};
/* End PBXNativeTarget section */

/* Begin PBXProject section */
		08FB7793FE84155DC02AAC07 /* Project object */ = {
			isa = PBXProject;
			buildConfigurationList = D815D1A8089105AA00F44775 /* Build configuration list for PBXProject "NDAlias" */;
			compatibilityVersion = "Xcode 2.4";
			developmentRegion = English;
			hasScannedForEncodings = 1;
			knownRegions = (
				English,
				Japanese,
				French,
				German,
			);
			mainGroup = 08FB7794FE84155DC02AAC07 /* NDAliasesURLProject */;
			projectDirPath = "";
			projectRoot = "";
			targets = (
				1451D4211052CFD400AEDF28 /* NDAliasesURLProject */,
			);
		};
/* End PBXProject section */

/* Begin PBXRezBuildPhase section */
		1451D4391052CFD400AEDF28 /* Rez */ = {
			isa = PBXRezBuildPhase;
			buildActionMask = 2147483647;
			files = (
			);
			runOnlyForDeploymentPostprocessing = 0;
		};
/* End PBXRezBuildPhase section */

/* Begin PBXSourcesBuildPhase section */
		1451D42C1052CFD400AEDF28 /* Sources */ = {
			isa = PBXSourcesBuildPhase;
			buildActionMask = 2147483647;
			files = (
				1451D42D1052CFD400AEDF28 /* main.m in Sources */,
				1451D42E1052CFD400AEDF28 /* NDAlias.m in Sources */,
				1451D42F1052CFD400AEDF28 /* NDAlias+AliasFile.m in Sources */,
				1451D4301052CFD400AEDF28 /* NSURL+NDCarbonUtilities.m in Sources */,
				1451D4311052CFD400AEDF28 /* NDResourceFork+OtherSorces.m in Sources */,
				1451D4321052CFD400AEDF28 /* NDResourceFork.m in Sources */,
				1451D4331052CFD400AEDF28 /* NSString+NDCarbonUtilities.m in Sources */,
				1451D4341052CFD400AEDF28 /* NSPathControl+NDAlias.m in Sources */,
				1451D4351052CFD400AEDF28 /* NSOpenPanel+NDAlias.m in Sources */,
				1451D48B1052D36800AEDF28 /* NSSavePanel+NDAlias.m in Sources */,
			);
			runOnlyForDeploymentPostprocessing = 0;
		};
/* End PBXSourcesBuildPhase section */

/* Begin XCBuildConfiguration section */
		1451D43B1052CFD400AEDF28 /* Development */ = {
			isa = XCBuildConfiguration;
			buildSettings = {
				COPY_PHASE_STRIP = NO;
				GCC_DYNAMIC_NO_PIC = NO;
				GCC_GENERATE_DEBUGGING_SYMBOLS = YES;
				GCC_OPTIMIZATION_LEVEL = 0;
				GCC_WARN_64_TO_32_BIT_CONVERSION = YES;
				GCC_WARN_ABOUT_MISSING_FIELD_INITIALIZERS = YES;
				GCC_WARN_ABOUT_MISSING_NEWLINE = YES;
				GCC_WARN_ABOUT_MISSING_PROTOTYPES = YES;
				GCC_WARN_ABOUT_RETURN_TYPE = YES;
				GCC_WARN_CHECK_SWITCH_STATEMENTS = YES;
				GCC_WARN_EFFECTIVE_CPLUSPLUS_VIOLATIONS = YES;
				GCC_WARN_FOUR_CHARACTER_CONSTANTS = YES;
				GCC_WARN_HIDDEN_VIRTUAL_FUNCTIONS = YES;
				GCC_WARN_INITIALIZER_NOT_FULLY_BRACKETED = YES;
				GCC_WARN_MISSING_PARENTHESES = YES;
				GCC_WARN_NON_VIRTUAL_DESTRUCTOR = YES;
				GCC_WARN_PEDANTIC = NO;
				GCC_WARN_SHADOW = YES;
				GCC_WARN_SIGN_COMPARE = YES;
				GCC_WARN_UNDECLARED_SELECTOR = YES;
				GCC_WARN_UNKNOWN_PRAGMAS = YES;
				GCC_WARN_UNUSED_FUNCTION = YES;
				GCC_WARN_UNUSED_LABEL = YES;
				GCC_WARN_UNUSED_PARAMETER = YES;
				GCC_WARN_UNUSED_VALUE = YES;
				GCC_WARN_UNUSED_VARIABLE = YES;
				INSTALL_PATH = "$(HOME)/bin";
				OTHER_REZFLAGS = "";
				PRODUCT_NAME = NDAliasesURLProject;
				REZ_EXECUTABLE = YES;
				WARNING_CFLAGS = (
					"-Wall",
					"-Wextra",
				);
			};
			name = Development;
		};
		1451D43C1052CFD400AEDF28 /* Deployment */ = {
			isa = XCBuildConfiguration;
			buildSettings = {
				COPY_PHASE_STRIP = YES;
				GCC_WARN_64_TO_32_BIT_CONVERSION = YES;
				GCC_WARN_ABOUT_MISSING_FIELD_INITIALIZERS = YES;
				GCC_WARN_ABOUT_MISSING_NEWLINE = YES;
				GCC_WARN_ABOUT_MISSING_PROTOTYPES = YES;
				GCC_WARN_ABOUT_RETURN_TYPE = YES;
				GCC_WARN_CHECK_SWITCH_STATEMENTS = YES;
				GCC_WARN_EFFECTIVE_CPLUSPLUS_VIOLATIONS = YES;
				GCC_WARN_FOUR_CHARACTER_CONSTANTS = YES;
				GCC_WARN_HIDDEN_VIRTUAL_FUNCTIONS = YES;
				GCC_WARN_INITIALIZER_NOT_FULLY_BRACKETED = YES;
				GCC_WARN_MISSING_PARENTHESES = YES;
				GCC_WARN_NON_VIRTUAL_DESTRUCTOR = YES;
				GCC_WARN_PEDANTIC = NO;
				GCC_WARN_SHADOW = YES;
				GCC_WARN_SIGN_COMPARE = YES;
				GCC_WARN_UNDECLARED_SELECTOR = YES;
				GCC_WARN_UNINITIALIZED_AUTOS = YES;
				GCC_WARN_UNKNOWN_PRAGMAS = YES;
				GCC_WARN_UNUSED_FUNCTION = YES;
				GCC_WARN_UNUSED_LABEL = YES;
				GCC_WARN_UNUSED_PARAMETER = YES;
				GCC_WARN_UNUSED_VALUE = YES;
				GCC_WARN_UNUSED_VARIABLE = YES;
				INSTALL_PATH = "$(HOME)/bin";
				OTHER_REZFLAGS = "";
				PRODUCT_NAME = NDAliasesURLProject;
				REZ_EXECUTABLE = YES;
				WARNING_CFLAGS = (
					"-Wall",
					"-Wextra",
				);
			};
			name = Deployment;
		};
		1451D43D1052CFD400AEDF28 /* Default */ = {
			isa = XCBuildConfiguration;
			buildSettings = {
				GCC_WARN_64_TO_32_BIT_CONVERSION = YES;
				GCC_WARN_ABOUT_MISSING_FIELD_INITIALIZERS = YES;
				GCC_WARN_ABOUT_MISSING_NEWLINE = YES;
				GCC_WARN_ABOUT_MISSING_PROTOTYPES = YES;
				GCC_WARN_ABOUT_RETURN_TYPE = YES;
				GCC_WARN_CHECK_SWITCH_STATEMENTS = YES;
				GCC_WARN_EFFECTIVE_CPLUSPLUS_VIOLATIONS = YES;
				GCC_WARN_FOUR_CHARACTER_CONSTANTS = YES;
				GCC_WARN_HIDDEN_VIRTUAL_FUNCTIONS = YES;
				GCC_WARN_INITIALIZER_NOT_FULLY_BRACKETED = YES;
				GCC_WARN_MISSING_PARENTHESES = YES;
				GCC_WARN_NON_VIRTUAL_DESTRUCTOR = YES;
				GCC_WARN_PEDANTIC = NO;
				GCC_WARN_SHADOW = YES;
				GCC_WARN_SIGN_COMPARE = YES;
				GCC_WARN_UNDECLARED_SELECTOR = YES;
				GCC_WARN_UNKNOWN_PRAGMAS = YES;
				GCC_WARN_UNUSED_FUNCTION = YES;
				GCC_WARN_UNUSED_LABEL = YES;
				GCC_WARN_UNUSED_PARAMETER = YES;
				GCC_WARN_UNUSED_VALUE = YES;
				GCC_WARN_UNUSED_VARIABLE = YES;
				INSTALL_PATH = "$(HOME)/bin";
				OTHER_REZFLAGS = "";
				PRODUCT_NAME = NDAliasesURLProject;
				REZ_EXECUTABLE = YES;
				WARNING_CFLAGS = (
					"-Wall",
					"-Wextra",
				);
			};
			name = Default;
		};
		D815D1A9089105AA00F44775 /* Development */ = {
			isa = XCBuildConfiguration;
			buildSettings = {
			};
			name = Development;
		};
		D815D1AA089105AA00F44775 /* Deployment */ = {
			isa = XCBuildConfiguration;
			buildSettings = {
			};
			name = Deployment;
		};
		D815D1AB089105AA00F44775 /* Default */ = {
			isa = XCBuildConfiguration;
			buildSettings = {
			};
			name = Default;
		};
/* End XCBuildConfiguration section */

/* Begin XCConfigurationList section */
		1451D43A1052CFD400AEDF28 /* Build configuration list for PBXNativeTarget "NDAliasesURLProject" */ = {
			isa = XCConfigurationList;
			buildConfigurations = (
				1451D43B1052CFD400AEDF28 /* Development */,
				1451D43C1052CFD400AEDF28 /* Deployment */,
				1451D43D1052CFD400AEDF28 /* Default */,
			);
			defaultConfigurationIsVisible = 0;
			defaultConfigurationName = Default;
		};
		D815D1A8089105AA00F44775 /* Build configuration list for PBXProject "NDAlias" */ = {
			isa = XCConfigurationList;
			buildConfigurations = (
				D815D1A9089105AA00F44775 /* Development */,
				D815D1AA089105AA00F44775 /* Deployment */,
				D815D1AB089105AA00F44775 /* Default */,
			);
			defaultConfigurationIsVisible = 0;
			defaultConfigurationName = Default;
		};
/* End XCConfigurationList section */
	};
	rootObject = 08FB7793FE84155DC02AAC07 /* Project object */;
}
